<?xml version="1.0" encoding="utf-8"?>
<Project ToolsVersion="4.0" xmlns="http://schemas.microsoft.com/developer/msbuild/2003">
  <ItemGroup>
    <Filter Include="Source Files">
      <UniqueIdentifier>{4FC737F1-C7A5-4376-A066-2A32D752A2FF}</UniqueIdentifier>
      <Extensions>cpp;c;cc;cxx;c++;cppm;ixx;def;odl;idl;hpj;bat;asm;asmx</Extensions>
    </Filter>
    <Filter Include="Header Files">
      <UniqueIdentifier>{93995380-89BD-4b04-88EB-625FBE52EBFB}</UniqueIdentifier>
      <Extensions>h;hh;hpp;hxx;h++;hm;inl;inc;ipp;xsd</Extensions>
    </Filter>
    <Filter Include="Resource Files">
      <UniqueIdentifier>{67DA6AB6-F800-4c08-8B7A-83BB121AAD01}</UniqueIdentifier>
      <Extensions>rc;ico;cur;bmp;dlg;rc2;rct;bin;rgs;gif;jpg;jpeg;jpe;resx;tiff;tif;png;wav;mfcribbon-ms</Extensions>
    </Filter>
  </ItemGroup>
  <ItemGroup>
    <ClCompile Include="main.cpp">
      <Filter>Source Files</Filter>
    </ClCompile>
    <ClCompile Include="glad.c">
      <Filter>Source Files</Filter>
    </ClCompile>
    <ClCompile Include="Headers\camera.cpp">
      <Filter>Source Files</Filter>
    </ClCompile>
    <ClCompile Include="Headers\Shader Classes\lightingshader.cpp">
      <Filter>Source Files</Filter>
    </ClCompile>
    <ClCompile Include="Headers\mesh.cpp">
      <Filter>Source Files</Filter>
    </ClCompile>
    <ClCompile Include="Headers\model.cpp">
      <Filter>Source Files</Filter>
    </ClCompile>
    <ClCompile Include="Headers\scene.cpp">
      <Filter>Source Files</Filter>
    </ClCompile>
    <ClCompile Include="Headers\Shader Classes\shader.cpp">
      <Filter>Source Files</Filter>
    </ClCompile>
    <ClCompile Include="Headers\Shader Classes\bordershader.cpp">
      <Filter>Source Files</Filter>
    </ClCompile>
    <ClCompile Include="Headers\Shader Classes\lightsourceshader.cpp">
      <Filter>Source Files</Filter>
    </ClCompile>
    <ClCompile Include="Headers\Shader Classes\screenquadshader.cpp">
      <Filter>Source Files</Filter>
    </ClCompile>
    <ClCompile Include="Headers\texture2d.cpp">
      <Filter>Source Files</Filter>
    </ClCompile>
    <ClCompile Include="Headers\texture2d.h">
      <Filter>Header Files</Filter>
    </ClCompile>
    <ClCompile Include="Headers\textureutils.cpp">
      <Filter>Source Files</Filter>
    </ClCompile>
    <ClCompile Include="Headers\Shader Classes\skyboxshader.cpp">
      <Filter>Source Files</Filter>
    </ClCompile>
    <ClCompile Include="Headers\renderer.cpp">
      <Filter>Source Files</Filter>
    </ClCompile>
    <ClCompile Include="Headers\app.cpp">
      <Filter>Source Files</Filter>
    </ClCompile>
    <ClCompile Include="Headers\rendererinit.cpp">
      <Filter>Source Files</Filter>
    </ClCompile>
    <ClCompile Include="Headers\Shader Classes\gouraudshader.cpp">
      <Filter>Source Files</Filter>
    </ClCompile>
    <ClCompile Include="Headers\matrixuniformbuffer.h">
      <Filter>Source Files</Filter>
    </ClCompile>
    <ClCompile Include="Headers\texture2dmanager.cpp">
      <Filter>Source Files</Filter>
    </ClCompile>
    <ClCompile Include="Headers\guidedcamera.cpp">
      <Filter>Source Files</Filter>
    </ClCompile>
  </ItemGroup>
  <ItemGroup>
    <None Include="shaders\lighting.vert" />
    <None Include="shaders\oldlighting.frag" />
    <None Include="shaders\lightSource.vert" />
    <None Include="shaders\lightSource.frag" />
    <None Include="shaders\gouraud.frag" />
    <None Include="shaders\gouraud.vert" />
    <None Include="LIBRARIES\Include\giflib-5.2.2\build.adoc" />
    <None Include="LIBRARIES\Include\giflib-5.2.2\ChangeLog" />
    <None Include="LIBRARIES\Include\giflib-5.2.2\control" />
    <None Include="LIBRARIES\Include\giflib-5.2.2\COPYING" />
    <None Include="LIBRARIES\Include\giflib-5.2.2\getversion" />
    <None Include="LIBRARIES\Include\giflib-5.2.2\history.adoc" />
    <None Include="LIBRARIES\Include\giflib-5.2.2\Makefile" />
    <None Include="LIBRARIES\Include\giflib-5.2.2\NEWS" />
  </ItemGroup>
  <ItemGroup>
    <Image Include="images\directions.png">
      <Filter>Resource Files</Filter>
    </Image>
    <Image Include="images\imagetwo.png">
      <Filter>Resource Files</Filter>
    </Image>
    <Image Include="images\imagethree.png">
      <Filter>Resource Files</Filter>
    </Image>
    <Image Include="images\container.png">
      <Filter>Resource Files</Filter>
    </Image>
  </ItemGroup>
  <ItemGroup>
    <ClInclude Include="Headers\Shader Classes\bordershader.h">
      <Filter>Header Files</Filter>
    </ClInclude>
    <ClInclude Include="Headers\OpenGL Wrappers\VAO.h">
      <Filter>Header Files</Filter>
    </ClInclude>
    <ClInclude Include="Headers\OpenGL Wrappers\BUF.h">
      <Filter>Header Files</Filter>
    </ClInclude>
    <ClInclude Include="Headers\OpenGL Wrappers\TEX.h">
      <Filter>Header Files</Filter>
    </ClInclude>
    <ClInclude Include="Headers\OpenGL Wrappers\FBO.h">
      <Filter>Header Files</Filter>
    </ClInclude>
    <ClInclude Include="Headers\OpenGL Wrappers\EBO.h">
      <Filter>Header Files</Filter>
    </ClInclude>
    <ClInclude Include="Headers\Shader Classes\screenquadshader.h">
      <Filter>Header Files</Filter>
    </ClInclude>
    <ClInclude Include="Headers\OpenGL Wrappers\RBO.h">
      <Filter>Header Files</Filter>
    </ClInclude>
    <ClInclude Include="Headers\texturedata.h">
      <Filter>Header Files</Filter>
    </ClInclude>
    <ClInclude Include="Headers\textureutils.h">
      <Filter>Header Files</Filter>
    </ClInclude>
    <ClInclude Include="Headers\cubemap.h">
      <Filter>Header Files</Filter>
    </ClInclude>
    <ClInclude Include="Headers\Shader Classes\skyboxshader.h">
      <Filter>Header Files</Filter>
    </ClInclude>
    <ClInclude Include="Headers\renderer.h">
      <Filter>Header Files</Filter>
    </ClInclude>
    <ClInclude Include="Headers\app.h">
      <Filter>Header Files</Filter>
    </ClInclude>
    <ClInclude Include="Headers\dynamiccubemap.h">
      <Filter>Header Files</Filter>
    </ClInclude>
    <ClInclude Include="Headers\Shader Classes\gouraudshader.h">
      <Filter>Header Files</Filter>
    </ClInclude>
    <ClInclude Include="Headers\Shader Classes\instancedshader.h">
      <Filter>Header Files</Filter>
    </ClInclude>
    <ClInclude Include="Headers\texture2dmanager.h">
      <Filter>Header Files</Filter>
    </ClInclude>
    <ClInclude Include="Headers\Shader Classes\shownormalsshader.h">
      <Filter>Header Files</Filter>
    </ClInclude>
    <ClInclude Include="Headers\guidedcamera.h">
      <Filter>Header Files</Filter>
    </ClInclude>
    <ClInclude Include="LIBRARIES\Include\giflib-5.2.2\getarg.h">
      <Filter>Header Files</Filter>
    </ClInclude>
    <ClInclude Include="LIBRARIES\Include\giflib-5.2.2\gif_hash.h">
      <Filter>Header Files</Filter>
    </ClInclude>
    <ClInclude Include="LIBRARIES\Include\giflib-5.2.2\gif_lib.h">
      <Filter>Header Files</Filter>
    </ClInclude>
    <ClInclude Include="LIBRARIES\Include\giflib-5.2.2\gif_lib_private.h">
      <Filter>Header Files</Filter>
    </ClInclude>
    <ClInclude Include="Headers\video.h">
      <Filter>Header Files</Filter>
    </ClInclude>
  </ItemGroup>
</Project>